schema: '2.0'
stages:
  prepare:
    cmd:
    - "if [ ! -d \"dump/\" ]; then\n  mkdir dump\nfi\n"
    - "if [ ! -d \"filter/\" ]; then\n  mkdir filter\nfi\n"
    - "if [ ! -d \"abzug/\" ]; then\n  mkdir abzug\nfi\n"
    - pica filter -s -g "017A.a =^ 'yy' || 209A/*.f =^ 'DBSM' || 247C/*.9 == '009033645'"
      raw/DNBtitelundexemplare.dat.gz -o dump/dbsm-titel-exemplare.dat.gz
    deps:
    - path: raw/DNBtitelundexemplare.dat.gz
      md5: 4613a490c961037789d87319d3542019
      size: 7307304292
    outs:
    - path: dump/dbsm-titel-exemplare.dat.gz
      md5: 73322727a8ec2da62a95182ec345a964
      size: 124264235
  filter:
    cmd:
    - pica filter "209A/*.a =^ 'Bö M' || 209A/*.g =^ 'Bö M' || 209A/*.a =^ 'Boe
      M' || 209A/*.g =^ 'Boe M'" dump/dbsm-titel-exemplare.dat.gz | pica select --translit
      nfc "003@.0,002@.0,021A{a,d},021A{Y?,Y},034D.a,021B{l,a},039D.9,039I.9,039B.9,036H{9,g}"
      -H "idn,bbg,tit_a, tit_d, tit_Y,umfang,stuecktitel_l,stuecktitel_a,f4256,f4243,f4241,f4105_9,f4105_g"
      -o filter/böm-titel.csv
    - pica filter --reduce "003@,209A,209C,247C,237A,101@,220C" "209A/*.a =^ 'Bö
      M' || 209A/*.g =^ 'Bö M' || 209A/*.a =^ 'Boe M' || 209A/*.g =^ 'Boe M'" dump/dbsm-titel-exemplare.dat.gz
      | pica print --translit nfc -o filter/böm-exemplare.dat
    - pica filter "209A/*.a =^ 'Bö Ink' || 209A/*.g =^ 'Bö Ink'" dump/dbsm-titel-exemplare.dat.gz
      | pica select --translit nfc "003@.0,002@.0,021A{a,d},021A{Y?,Y},034D.a,021B{l,a},039D.9,039I.9,039B.9,036H{9,g}"
      -H "idn,bbg,tit_a, tit_d, tit_Y,umfang,stuecktitel_l,stuecktitel_a, f4256,f4243,f4241,f4105_9,f4105_g"
      -o filter/böink-titel.csv
    - pica filter --reduce "003@,209A,209C,247C,237A,101@,220C" "209A/*.a =^ 'Bö
      Ink' || 209A/*.g =^ 'Bö Ink'" dump/dbsm-titel-exemplare.dat.gz | pica print
      --translit nfc -o filter/böink-exemplare.dat
    - pica filter "209A/*.a =~ '^II[\\\s\\\d]'" dump/dbsm-titel-exemplare.dat.gz |
      pica select --translit nfc "003@.0,002@.0,021A{a,d},021A{Y?,Y},034D.a,021B{l,a},039D.9,039I.9,039B.9,036H{9,g}"
      -H "idn,bbg,tit_a, tit_d, tit_Y,umfang,stuecktitel_l,stuecktitel_a, f4256,f4243,f4241,f4105_9,f4105_g"
      -o filter/ii-titel.csv
    - pica filter --reduce "003@,209A,209C,247C,237A,101@,220C" "209A/*.a =~ '^II[\\\s\\\d]'"
      dump/dbsm-titel-exemplare.dat.gz | pica print --translit nfc -o filter/ii-exemplare.dat
    - pica filter "209A/*.a =^ 'III'" dump/dbsm-titel-exemplare.dat.gz | pica select
      --translit nfc "003@.0,002@.0,021A{a,d},021A{Y?,Y},034D.a,021B{l,a},039D.9,039I.9,039B.9,036H{9,g}"
      -H "idn,bbg,tit_a, tit_d, tit_Y, umfang, stuecktitel_l,stuecktitel_a, f4256,f4243,f4241,f4105_9,f4105_g"
      -o filter/iii-titel.csv
    - pica filter --reduce "003@,209A,209C,247C,237A,101@,220C" "209A/*.a =^ 'III'"
      dump/dbsm-titel-exemplare.dat.gz | pica print --translit nfc -o filter/iii-exemplare.dat
    - pica filter "209A/*.a =^ 'IV'" dump/dbsm-titel-exemplare.dat.gz | pica select
      --translit nfc "003@.0,002@.0,011@.a,021A{a,d},021A{Y?,Y},034D.a,021B{l,a},039D.9,039I.9,039B.9,036H{9,g}"
      -H "idn,bbg,jahr,tit_a, tit_d, tit_Y, umfang, stuecktitel_l,stuecktitel_a, f4256,f4243,f4241,f4105_9,f4105_g"
      -o filter/iv-titel.csv
    - pica filter --reduce "003@,209A,209C,247C,237A,101@,220C" "209A/*.a =^ 'IV'"
      dump/dbsm-titel-exemplare.dat.gz | pica print --translit nfc -o filter/iv-exemplare.dat
    - pica filter "044P/*.9 == '041799844'" dump/dbsm-titel-exemplare.dat.gz | pica
      select --translit nfc "003@.0,002@.0,011@.a,021A{a,d},021A{Y?,Y},034D.a,021B{l,a},039D.9,039I.9,039B.9,036H{9,g}"
      -H "idn,bbg,jahr,tit_a, tit_d, tit_Y,umfang,stuecktitel_l,stuecktitel_a, f4256,f4243,f4241,f4105_9,f4105_g"
      -o filter/schreibmeister-titel.csv
    - pica filter --reduce "003@,209A,209C,247C,237A,101@,220C" "044P/*.9 == '041799844'"
      dump/dbsm-titel-exemplare.dat.gz | pica print --translit nfc -o filter/schreibmeister-exemplare.dat
    deps:
    - path: dump/dbsm-titel-exemplare.dat.gz
      md5: 73322727a8ec2da62a95182ec345a964
      size: 124264235
    outs:
    - path: filter/böink-exemplare.dat
      md5: 27e37093795b7cbe91667685531f667e
      size: 47075
    - path: filter/böink-titel.csv
      md5: c1ca02354fcf8681230d4b395557036a
      size: 19218
    - path: filter/böm-exemplare.dat
      md5: a7f35572ba32c657c60d4afd1640a49d
      size: 173625
    - path: filter/böm-titel.csv
      md5: fc35840eea4f11512f9b2947a6d4e523
      size: 127439
    - path: filter/ii-exemplare.dat
      md5: 6035e5688b38af475f1705e7f3b71217
      size: 9537876
    - path: filter/ii-titel.csv
      md5: 38a4f3e0450d7b9952e1c558128076f4
      size: 114075
    - path: filter/iii-exemplare.dat
      md5: ad1b29e85e5a16a78ba1c3279e6f98c9
      size: 4095529
    - path: filter/iii-titel.csv
      md5: 830f16f8ca4d599dd5d15ae03f44d265
      size: 299901
    - path: filter/iv-exemplare.dat
      md5: 3d09a2a071edd8caef6fd1f403eed2d2
      size: 4709291
    - path: filter/iv-titel.csv
      md5: 358e1b926609116eae500c5dbf042cee
      size: 1003832
    - path: filter/schreibmeister-exemplare.dat
      md5: 78a48bfc022ae9354c4bde2882745525
      size: 37641
    - path: filter/schreibmeister-titel.csv
      md5: bccd9707ba3045d1030ff3fef485c8cc
      size: 40875
  abzug:
    cmd:
    - python ./skripte/abzug.py
    deps:
    - path: blacklist.txt
      md5: 1de02655b145f2c2777923279bc2a5fc
      size: 1994
    - path: filter/böink-exemplare.dat
      md5: 27e37093795b7cbe91667685531f667e
      size: 47075
    - path: filter/böink-titel.csv
      md5: c1ca02354fcf8681230d4b395557036a
      size: 19218
    - path: filter/böm-exemplare.dat
      md5: a7f35572ba32c657c60d4afd1640a49d
      size: 173625
    - path: filter/böm-titel.csv
      md5: fc35840eea4f11512f9b2947a6d4e523
      size: 127439
    - path: filter/ii-exemplare.dat
      md5: 6035e5688b38af475f1705e7f3b71217
      size: 9537876
    - path: filter/ii-titel.csv
      md5: 38a4f3e0450d7b9952e1c558128076f4
      size: 114075
    - path: filter/iii-exemplare.dat
      md5: ad1b29e85e5a16a78ba1c3279e6f98c9
      size: 4095529
    - path: filter/iii-titel.csv
      md5: 830f16f8ca4d599dd5d15ae03f44d265
      size: 299901
    - path: filter/iv-exemplare.dat
      md5: 3d09a2a071edd8caef6fd1f403eed2d2
      size: 4709291
    - path: filter/iv-titel.csv
      md5: 358e1b926609116eae500c5dbf042cee
      size: 1003832
    - path: filter/schreibmeister-exemplare.dat
      md5: 78a48bfc022ae9354c4bde2882745525
      size: 37641
    - path: filter/schreibmeister-titel.csv
      md5: bccd9707ba3045d1030ff3fef485c8cc
      size: 40875
    - path: skripte/abzug.py
      md5: f4fc00d9bac8aec4c7def37643f11de6
      size: 16770
    outs:
    - path: abzug/böink.csv
      md5: 8fc0de7b973cfe20061b05fa31f4f981
      size: 40034
    - path: abzug/böink.xlsx
      md5: 72a410e8bee1a9591734f79c1d07f6cb
      size: 27890
    - path: abzug/böm.csv
      md5: 557f32042eab1e9d55c2f5309c1413c1
      size: 108295
    - path: abzug/böm.xlsx
      md5: 1363b1ba0f72277136c63a30b1e4193d
      size: 67122
    - path: abzug/ii.csv
      md5: 07afd951aeb527ddfedf5ac77d9abbda
      size: 96407
    - path: abzug/ii.xlsx
      md5: 41f6eef6a77a6acfacbd4d7fef9d0646
      size: 61416
    - path: abzug/iii.csv
      md5: 35b3ac9c9ad62b759c305d4ebe20f9b7
      size: 242048
    - path: abzug/iii.xlsx
      md5: a1428603cf9acb7d819b5a910b815944
      size: 139099
    - path: abzug/iv.csv
      md5: 15ad8d9b85128557f2dfc90f810e0c2f
      size: 974040
    - path: abzug/iv.xlsx
      md5: 5eb5d00794fbb8d033e0a019527704a3
      size: 491288
    - path: abzug/schreibmeister.csv
      md5: 361edd9d583af04078d0a685b49f7b3e
      size: 49896
    - path: abzug/schreibmeister.xlsx
      md5: 2cac0b48c4ea62fe285cce76166b5463
      size: 32681
